{
  "version": 4,
  "terraform_version": "0.12.24",
  "serial": 171,
  "lineage": "e2975255-426c-73b1-d1b5-0d7eb8c75b38",
  "outputs": {
    "compute_queue": {
      "value": "compute-stage-staging",
      "type": "string"
    },
    "database_url": {
      "value": "https://staging-database.ridersbible.com",
      "type": "string"
    },
    "deployed_macro_version": {
      "value": 28,
      "type": "number"
    },
    "env_file": {
      "value": "APP_VERSION=0.0.28\nCOMPUTE_QUEUE_NAME=compute-stage-staging\nJWT_SECRET=someSecret\nOWNER_PASSWORD=password\nOWNER_USER=superuser\nPOSTGRAPHILE_PORT=5000\nPOSTGRES_DB=main\nPOSTGRES_HOST=staging-database.ridersbible.com\nPOSTGRES_PASSWORD=password\nPOSTGRES_PORT=5432\nPOSTGRES_SCHEMA=public\nPOSTGRES_USER=guided_postgraphile",
      "type": "string"
    },
    "server_url": {
      "value": "https://staging-api.ridersbible.com",
      "type": "string"
    },
    "website_url": {
      "value": "https://staging.ridersbible.com.s3-website.eu-west-2.amazonaws.com",
      "type": "string"
    }
  },
  "resources": [
    {
      "mode": "data",
      "type": "aws_ami",
      "name": "latest-ubuntu",
      "provider": "provider.aws",
      "instances": [
        {
          "schema_version": 0,
          "attributes": {
            "architecture": "x86_64",
            "block_device_mappings": [
              {
                "device_name": "/dev/sda1",
                "ebs": {
                  "delete_on_termination": "true",
                  "encrypted": "false",
                  "iops": "0",
                  "snapshot_id": "snap-089724b02984d974c",
                  "volume_size": "8",
                  "volume_type": "gp2"
                },
                "no_device": "",
                "virtual_name": ""
              },
              {
                "device_name": "/dev/sdb",
                "ebs": {},
                "no_device": "",
                "virtual_name": "ephemeral0"
              },
              {
                "device_name": "/dev/sdc",
                "ebs": {},
                "no_device": "",
                "virtual_name": "ephemeral1"
              }
            ],
            "creation_date": "2020-03-17T20:38:03.000Z",
            "description": "Canonical, Ubuntu, 16.04 LTS, amd64 xenial image build on 2020-03-17",
            "executable_users": null,
            "filter": [
              {
                "name": "name",
                "values": [
                  "ubuntu/images/hvm-ssd/ubuntu-xenial-16.04-amd64-server-*"
                ]
              },
              {
                "name": "virtualization-type",
                "values": [
                  "hvm"
                ]
              }
            ],
            "hypervisor": "xen",
            "id": "ami-014ae7e330e2651dc",
            "image_id": "ami-014ae7e330e2651dc",
            "image_location": "099720109477/ubuntu/images/hvm-ssd/ubuntu-xenial-16.04-amd64-server-20200317",
            "image_owner_alias": null,
            "image_type": "machine",
            "kernel_id": null,
            "most_recent": true,
            "name": "ubuntu/images/hvm-ssd/ubuntu-xenial-16.04-amd64-server-20200317",
            "name_regex": null,
            "owner_id": "099720109477",
            "owners": [
              "099720109477"
            ],
            "platform": null,
            "product_codes": [],
            "public": true,
            "ramdisk_id": null,
            "root_device_name": "/dev/sda1",
            "root_device_type": "ebs",
            "root_snapshot_id": "snap-089724b02984d974c",
            "sriov_net_support": "simple",
            "state": "available",
            "state_reason": {
              "code": "UNSET",
              "message": "UNSET"
            },
            "tags": {},
            "virtualization_type": "hvm"
          }
        }
      ]
    },
    {
      "mode": "data",
      "type": "aws_iam_policy_document",
      "name": "site",
      "provider": "provider.aws",
      "instances": [
        {
          "schema_version": 0,
          "attributes": {
            "id": "3698289117",
            "json": "{\n  \"Version\": \"2012-10-17\",\n  \"Statement\": [\n    {\n      \"Sid\": \"\",\n      \"Effect\": \"Allow\",\n      \"Action\": \"s3:GetObject\",\n      \"Resource\": \"arn:aws:s3:::staging.ridersbible.com/*\",\n      \"Principal\": {\n        \"AWS\": \"*\"\n      }\n    },\n    {\n      \"Sid\": \"\",\n      \"Effect\": \"Allow\",\n      \"Action\": \"s3:ListBucket\",\n      \"Resource\": \"arn:aws:s3:::staging.ridersbible.com\",\n      \"Principal\": {\n        \"AWS\": \"*\"\n      }\n    }\n  ]\n}",
            "override_json": null,
            "policy_id": null,
            "source_json": null,
            "statement": [
              {
                "actions": [
                  "s3:GetObject"
                ],
                "condition": [],
                "effect": "Allow",
                "not_actions": [],
                "not_principals": [],
                "not_resources": [],
                "principals": [
                  {
                    "identifiers": [
                      "*"
                    ],
                    "type": "AWS"
                  }
                ],
                "resources": [
                  "arn:aws:s3:::staging.ridersbible.com/*"
                ],
                "sid": ""
              },
              {
                "actions": [
                  "s3:ListBucket"
                ],
                "condition": [],
                "effect": "Allow",
                "not_actions": [],
                "not_principals": [],
                "not_resources": [],
                "principals": [
                  {
                    "identifiers": [
                      "*"
                    ],
                    "type": "AWS"
                  }
                ],
                "resources": [
                  "arn:aws:s3:::staging.ridersbible.com"
                ],
                "sid": ""
              }
            ],
            "version": "2012-10-17"
          }
        }
      ]
    },
    {
      "mode": "managed",
      "type": "aws_acm_certificate",
      "name": "guided",
      "provider": "provider.aws.virginia",
      "instances": [
        {
          "schema_version": 0,
          "attributes": {
            "arn": "arn:aws:acm:us-east-1:132788847502:certificate/0bffcc51-3b51-4cf3-9f7b-3ae074a35434",
            "certificate_authority_arn": "",
            "certificate_body": null,
            "certificate_chain": null,
            "domain_name": "ridersbible.com",
            "domain_validation_options": [
              {
                "domain_name": "ridersbible.com",
                "resource_record_name": "_268f0773720437e0d71d57764b64a341.ridersbible.com.",
                "resource_record_type": "CNAME",
                "resource_record_value": "_4db1a020c8a94f9bc882affb5ab54f52.vhzmpjdqfx.acm-validations.aws."
              },
              {
                "domain_name": "*.ridersbible.com",
                "resource_record_name": "_268f0773720437e0d71d57764b64a341.ridersbible.com.",
                "resource_record_type": "CNAME",
                "resource_record_value": "_4db1a020c8a94f9bc882affb5ab54f52.vhzmpjdqfx.acm-validations.aws."
              }
            ],
            "id": "arn:aws:acm:us-east-1:132788847502:certificate/0bffcc51-3b51-4cf3-9f7b-3ae074a35434",
            "options": [
              {
                "certificate_transparency_logging_preference": "ENABLED"
              }
            ],
            "private_key": null,
            "subject_alternative_names": [
              "*.ridersbible.com"
            ],
            "tags": {
              "Name": "guided-staging"
            },
            "validation_emails": [],
            "validation_method": "DNS"
          },
          "private": "bnVsbA=="
        }
      ]
    },
    {
      "mode": "managed",
      "type": "aws_db_instance",
      "name": "guided",
      "provider": "provider.aws",
      "instances": [
        {
          "schema_version": 1,
          "attributes": {
            "address": "guided-staging.cnl1a6eyfdur.eu-west-2.rds.amazonaws.com",
            "allocated_storage": 300,
            "allow_major_version_upgrade": null,
            "apply_immediately": true,
            "arn": "arn:aws:rds:eu-west-2:132788847502:db:guided-staging",
            "auto_minor_version_upgrade": true,
            "availability_zone": "eu-west-2b",
            "backup_retention_period": 0,
            "backup_window": "00:38-01:08",
            "ca_cert_identifier": "rds-ca-2019",
            "character_set_name": null,
            "copy_tags_to_snapshot": false,
            "db_subnet_group_name": "default",
            "delete_automated_backups": true,
            "deletion_protection": false,
            "domain": "",
            "domain_iam_role_name": "",
            "enabled_cloudwatch_logs_exports": [],
            "endpoint": "guided-staging.cnl1a6eyfdur.eu-west-2.rds.amazonaws.com:5432",
            "engine": "postgres",
            "engine_version": "11.5",
            "final_snapshot_identifier": "guided-db-staging",
            "hosted_zone_id": "Z1TTGA775OQIYO",
            "iam_database_authentication_enabled": false,
            "id": "guided-staging",
            "identifier": "guided-staging",
            "identifier_prefix": null,
            "instance_class": "db.t2.micro",
            "iops": 0,
            "kms_key_id": "",
            "license_model": "postgresql-license",
            "maintenance_window": "wed:03:34-wed:04:04",
            "max_allocated_storage": 0,
            "monitoring_interval": 0,
            "monitoring_role_arn": "",
            "multi_az": false,
            "name": "main",
            "option_group_name": "default:postgres-11",
            "parameter_group_name": "terraform-20200330095120449800000002",
            "password": "password",
            "performance_insights_enabled": false,
            "performance_insights_kms_key_id": "",
            "performance_insights_retention_period": 0,
            "port": 5432,
            "publicly_accessible": true,
            "replicas": [],
            "replicate_source_db": "",
            "resource_id": "db-A34EUYIPAUIG4XECCWNUIXLJBI",
            "s3_import": [],
            "security_group_names": [],
            "skip_final_snapshot": false,
            "snapshot_identifier": null,
            "status": "available",
            "storage_encrypted": false,
            "storage_type": "gp2",
            "tags": {},
            "timeouts": null,
            "timezone": "",
            "username": "superuser",
            "vpc_security_group_ids": [
              "sg-04c9fcc7980434e91",
              "sg-be69dddf"
            ]
          },
          "private": "eyJlMmJmYjczMC1lY2FhLTExZTYtOGY4OC0zNDM2M2JjN2M0YzAiOnsiY3JlYXRlIjoyNDAwMDAwMDAwMDAwLCJkZWxldGUiOjI0MDAwMDAwMDAwMDAsInVwZGF0ZSI6NDgwMDAwMDAwMDAwMH0sInNjaGVtYV92ZXJzaW9uIjoiMSJ9",
          "dependencies": [
            "aws_db_parameter_group.db_logical_replication"
          ]
        }
      ]
    },
    {
      "mode": "managed",
      "type": "aws_db_parameter_group",
      "name": "db_logical_replication",
      "provider": "provider.aws",
      "instances": [
        {
          "schema_version": 0,
          "attributes": {
            "arn": "arn:aws:rds:eu-west-2:132788847502:pg:terraform-20200330095120449800000002",
            "description": "Managed by Terraform",
            "family": "postgres11",
            "id": "terraform-20200330095120449800000002",
            "name": "terraform-20200330095120449800000002",
            "name_prefix": null,
            "parameter": [
              {
                "apply_method": "pending-reboot",
                "name": "rds.logical_replication",
                "value": "1"
              }
            ],
            "tags": {}
          },
          "private": "bnVsbA=="
        }
      ]
    },
    {
      "mode": "managed",
      "type": "aws_iam_policy",
      "name": "compute_logging",
      "provider": "provider.aws",
      "instances": [
        {
          "schema_version": 0,
          "attributes": {
            "arn": "arn:aws:iam::132788847502:policy/logging_compute_staging",
            "description": "IAM policy for logging from a lambda",
            "id": "arn:aws:iam::132788847502:policy/logging_compute_staging",
            "name": "logging_compute_staging",
            "name_prefix": null,
            "path": "/",
            "policy": "{\n  \"Version\": \"2012-10-17\",\n  \"Statement\": [\n    {\n            \"Effect\": \"Allow\",\n            \"Action\": [\n                \"logs:CreateLogGroup\",\n                \"logs:CreateLogStream\",\n                \"logs:PutLogEvents\"\n            ],\n            \"Resource\": \"*\"\n        }\n  ]\n}"
          },
          "private": "bnVsbA=="
        }
      ]
    },
    {
      "mode": "managed",
      "type": "aws_iam_policy",
      "name": "compute_sqs",
      "provider": "provider.aws",
      "instances": [
        {
          "schema_version": 0,
          "attributes": {
            "arn": "arn:aws:iam::132788847502:policy/sqs_compute_staging",
            "description": "IAM policy for logging from a lambda",
            "id": "arn:aws:iam::132788847502:policy/sqs_compute_staging",
            "name": "sqs_compute_staging",
            "name_prefix": null,
            "path": "/",
            "policy": "{\n  \"Version\": \"2012-10-17\",\n  \"Statement\": [\n    {\n            \"Effect\": \"Allow\",\n            \"Action\": [\n                  \"sqs:ChangeMessageVisibility\",\n                  \"sqs:DeleteMessage\",\n                  \"sqs:GetQueueAttributes\",\n                  \"sqs:ReceiveMessage\"\n            ],\n            \"Resource\": \"*\"\n        }\n  ]\n}"
          },
          "private": "bnVsbA=="
        }
      ]
    },
    {
      "mode": "managed",
      "type": "aws_iam_role",
      "name": "compute",
      "provider": "provider.aws",
      "instances": [
        {
          "schema_version": 0,
          "attributes": {
            "arn": "arn:aws:iam::132788847502:role/guided_compute_staging",
            "assume_role_policy": "{\"Version\":\"2012-10-17\",\"Statement\":[{\"Sid\":\"\",\"Effect\":\"Allow\",\"Principal\":{\"Service\":\"lambda.amazonaws.com\"},\"Action\":\"sts:AssumeRole\"}]}",
            "create_date": "2020-03-30T10:13:28Z",
            "description": "",
            "force_detach_policies": false,
            "id": "guided_compute_staging",
            "max_session_duration": 3600,
            "name": "guided_compute_staging",
            "name_prefix": null,
            "path": "/",
            "permissions_boundary": null,
            "tags": {},
            "unique_id": "AROAR52WVAOHG3TWNECWZ"
          },
          "private": "bnVsbA=="
        }
      ]
    },
    {
      "mode": "managed",
      "type": "aws_iam_role_policy_attachment",
      "name": "compute",
      "provider": "provider.aws",
      "instances": [
        {
          "schema_version": 0,
          "attributes": {
            "id": "guided_compute_staging-20200330101329728500000003",
            "policy_arn": "arn:aws:iam::132788847502:policy/logging_compute_staging",
            "role": "guided_compute_staging"
          },
          "private": "bnVsbA==",
          "dependencies": [
            "aws_iam_policy.compute_logging",
            "aws_iam_role.compute"
          ]
        }
      ]
    },
    {
      "mode": "managed",
      "type": "aws_iam_role_policy_attachment",
      "name": "compute_sqs",
      "provider": "provider.aws",
      "instances": [
        {
          "schema_version": 0,
          "attributes": {
            "id": "guided_compute_staging-20200330101329685900000002",
            "policy_arn": "arn:aws:iam::132788847502:policy/sqs_compute_staging",
            "role": "guided_compute_staging"
          },
          "private": "bnVsbA==",
          "dependencies": [
            "aws_iam_policy.compute_sqs",
            "aws_iam_role.compute"
          ]
        }
      ]
    },
    {
      "mode": "managed",
      "type": "aws_instance",
      "name": "server",
      "provider": "provider.aws",
      "instances": [
        {
          "schema_version": 1,
          "attributes": {
            "ami": "ami-014ae7e330e2651dc",
            "arn": "arn:aws:ec2:eu-west-2:132788847502:instance/i-0884e8b1a6dff71eb",
            "associate_public_ip_address": true,
            "availability_zone": "eu-west-2a",
            "cpu_core_count": 1,
            "cpu_threads_per_core": 1,
            "credit_specification": [
              {
                "cpu_credits": "standard"
              }
            ],
            "disable_api_termination": false,
            "ebs_block_device": [],
            "ebs_optimized": false,
            "ephemeral_block_device": [],
            "get_password_data": false,
            "hibernation": false,
            "host_id": null,
            "iam_instance_profile": "",
            "id": "i-0884e8b1a6dff71eb",
            "instance_initiated_shutdown_behavior": null,
            "instance_state": "running",
            "instance_type": "t2.micro",
            "ipv6_address_count": 0,
            "ipv6_addresses": [],
            "key_name": "guided-server",
            "monitoring": true,
            "network_interface": [],
            "network_interface_id": null,
            "password_data": "",
            "placement_group": "",
            "primary_network_interface_id": "eni-0db5fb6d2dedaf4ff",
            "private_dns": "ip-172-31-31-163.eu-west-2.compute.internal",
            "private_ip": "172.31.31.163",
            "public_dns": "ec2-18-130-241-232.eu-west-2.compute.amazonaws.com",
            "public_ip": "18.130.241.232",
            "root_block_device": [
              {
                "delete_on_termination": true,
                "encrypted": false,
                "iops": 100,
                "kms_key_id": "",
                "volume_id": "vol-0ebd32a3aa7ff68b5",
                "volume_size": 8,
                "volume_type": "gp2"
              }
            ],
            "security_groups": [
              "guided-server-staging"
            ],
            "source_dest_check": true,
            "subnet_id": "subnet-196eef63",
            "tags": {
              "Name": "guided-server-staging"
            },
            "tenancy": "default",
            "timeouts": null,
            "user_data": "3be7f6726fff672e7162612529ae822cc29b9a08",
            "user_data_base64": null,
            "volume_tags": {},
            "vpc_security_group_ids": [
              "sg-0a1890e75a215e953"
            ]
          },
          "private": "eyJlMmJmYjczMC1lY2FhLTExZTYtOGY4OC0zNDM2M2JjN2M0YzAiOnsiY3JlYXRlIjo2MDAwMDAwMDAwMDAsImRlbGV0ZSI6MTIwMDAwMDAwMDAwMCwidXBkYXRlIjo2MDAwMDAwMDAwMDB9LCJzY2hlbWFfdmVyc2lvbiI6IjEifQ==",
          "dependencies": [
            "aws_key_pair.server",
            "aws_security_group.server"
          ]
        }
      ]
    },
    {
      "mode": "managed",
      "type": "aws_key_pair",
      "name": "server",
      "provider": "provider.aws",
      "instances": [
        {
          "schema_version": 1,
          "attributes": {
            "fingerprint": "44:c4:be:4c:b2:c8:99:97:91:35:81:d7:28:6a:71:00",
            "id": "guided-server",
            "key_name": "guided-server",
            "key_name_prefix": null,
            "key_pair_id": "key-0ac8713792f4c8a2e",
            "public_key": "ssh-rsa AAAAB3NzaC1yc2EAAAADAQABAAABAQCkLQdpXlH2SXRqENxRCOExj7lwWrb3tZkLyjwd5yjSHfwm1a3OFY5msbhyCl8cZt2BdcXii4i279JRu3KvdAg/2lMwzRgZfjcQJmfz2PoPP4OplEWFZ7+lKOjlmduKGrsu1Kn3Il3RaBh04RkqcATuWUu7dCGJPafgqBv8Av8d1Crf89vUNvj1vZangAdoeoOm5c3lmUpxkLjxEcIjdII7IQoA0fZUdMkjaZzcXC+Y7utSMQbv9R78cT0QWs8Xcp/dV5iych55b2RxzD5GAcxXKkowDjM26alTB8h0nW0xGVJtYZrDCGJZd6ItGcAgo7Lvz6IMmV63NJK4E6u97wPJ",
            "tags": {}
          },
          "private": "eyJzY2hlbWFfdmVyc2lvbiI6IjEifQ=="
        }
      ]
    },
    {
      "mode": "managed",
      "type": "aws_lambda_event_source_mapping",
      "name": "compute",
      "provider": "provider.aws",
      "instances": [
        {
          "schema_version": 0,
          "attributes": {
            "batch_size": 1,
            "enabled": true,
            "event_source_arn": "arn:aws:sqs:eu-west-2:132788847502:compute-stage-staging",
            "function_arn": "arn:aws:lambda:eu-west-2:132788847502:function:guided-compute-staging",
            "function_name": "arn:aws:lambda:eu-west-2:132788847502:function:guided-compute-staging",
            "id": "63858007-7167-4fa3-b209-75babe7450a8",
            "last_modified": "2020-03-30T10:23:01Z",
            "last_processing_result": "",
            "maximum_batching_window_in_seconds": 0,
            "starting_position": null,
            "starting_position_timestamp": null,
            "state": "Enabled",
            "state_transition_reason": "USER_INITIATED",
            "uuid": "63858007-7167-4fa3-b209-75babe7450a8"
          },
          "private": "bnVsbA==",
          "dependencies": [
            "aws_lambda_function.compute",
            "aws_sqs_queue.compute"
          ]
        }
      ]
    },
    {
      "mode": "managed",
      "type": "aws_lambda_function",
      "name": "compute",
      "provider": "provider.aws",
      "instances": [
        {
          "schema_version": 0,
          "attributes": {
            "arn": "arn:aws:lambda:eu-west-2:132788847502:function:guided-compute-staging",
            "dead_letter_config": [],
            "description": "",
            "environment": [
              {
                "variables": {
                  "APP_VERSION": "0.0.28",
                  "COMPUTE_QUEUE_NAME": "compute-stage-staging",
                  "JWT_SECRET": "someSecret",
                  "OWNER_PASSWORD": "password",
                  "OWNER_USER": "superuser",
                  "POSTGRAPHILE_PORT": "5000",
                  "POSTGRES_DB": "main",
                  "POSTGRES_HOST": "staging-database.ridersbible.com",
                  "POSTGRES_PASSWORD": "password",
                  "POSTGRES_PORT": "5432",
                  "POSTGRES_SCHEMA": "public",
                  "POSTGRES_USER": "guided_postgraphile"
                }
              }
            ],
            "filename": "./dist/staging-0.0.28-compute.zip",
            "function_name": "guided-compute-staging",
            "handler": "index.handler",
            "id": "guided-compute-staging",
            "invoke_arn": "arn:aws:apigateway:eu-west-2:lambda:path/2015-03-31/functions/arn:aws:lambda:eu-west-2:132788847502:function:guided-compute-staging/invocations",
            "kms_key_arn": "",
            "last_modified": "2020-03-30T13:57:55.976+0000",
            "layers": [],
            "memory_size": 128,
            "publish": false,
            "qualified_arn": "arn:aws:lambda:eu-west-2:132788847502:function:guided-compute-staging:$LATEST",
            "reserved_concurrent_executions": -1,
            "role": "arn:aws:iam::132788847502:role/guided_compute_staging",
            "runtime": "nodejs12.x",
            "s3_bucket": null,
            "s3_key": null,
            "s3_object_version": null,
            "source_code_hash": "Bce0C27nULnMpGkkzGVeoMJydeHG8Oyb2A1kHmCRp3I=",
            "source_code_size": 664720,
            "tags": {},
            "timeout": 30,
            "timeouts": null,
            "tracing_config": [
              {
                "mode": "PassThrough"
              }
            ],
            "version": "$LATEST",
            "vpc_config": []
          },
          "private": "eyJlMmJmYjczMC1lY2FhLTExZTYtOGY4OC0zNDM2M2JjN2M0YzAiOnsiY3JlYXRlIjo2MDAwMDAwMDAwMDB9fQ==",
          "dependencies": [
            "aws_iam_role.compute",
            "aws_iam_role_policy_attachment.compute",
            "aws_route53_record.database",
            "aws_sqs_queue.compute"
          ]
        }
      ]
    },
    {
      "mode": "managed",
      "type": "aws_route53_record",
      "name": "database",
      "provider": "provider.aws",
      "instances": [
        {
          "schema_version": 2,
          "attributes": {
            "alias": [],
            "allow_overwrite": null,
            "failover_routing_policy": [],
            "fqdn": "staging-database.ridersbible.com",
            "geolocation_routing_policy": [],
            "health_check_id": "",
            "id": "Z03925243C3JGGW4VDCLM_staging-database.ridersbible.com_CNAME",
            "latency_routing_policy": [],
            "multivalue_answer_routing_policy": null,
            "name": "staging-database.ridersbible.com",
            "records": [
              "guided-staging.cnl1a6eyfdur.eu-west-2.rds.amazonaws.com"
            ],
            "set_identifier": "",
            "ttl": 300,
            "type": "CNAME",
            "weighted_routing_policy": [],
            "zone_id": "Z03925243C3JGGW4VDCLM"
          },
          "private": "eyJzY2hlbWFfdmVyc2lvbiI6IjIifQ==",
          "dependencies": [
            "aws_db_instance.guided",
            "aws_route53_zone.ridersbible"
          ]
        }
      ]
    },
    {
      "mode": "managed",
      "type": "aws_route53_record",
      "name": "server",
      "provider": "provider.aws",
      "instances": [
        {
          "schema_version": 2,
          "attributes": {
            "alias": [],
            "allow_overwrite": null,
            "failover_routing_policy": [],
            "fqdn": "staging-api.ridersbible.com",
            "geolocation_routing_policy": [],
            "health_check_id": "",
            "id": "Z03925243C3JGGW4VDCLM_staging-api.ridersbible.com_CNAME",
            "latency_routing_policy": [],
            "multivalue_answer_routing_policy": null,
            "name": "staging-api.ridersbible.com",
            "records": [
              "18.130.241.232"
            ],
            "set_identifier": "",
            "ttl": 30,
            "type": "CNAME",
            "weighted_routing_policy": [],
            "zone_id": "Z03925243C3JGGW4VDCLM"
          },
          "private": "eyJzY2hlbWFfdmVyc2lvbiI6IjIifQ==",
          "dependencies": [
            "aws_instance.server",
            "aws_route53_zone.ridersbible"
          ]
        }
      ]
    },
    {
      "mode": "managed",
      "type": "aws_route53_zone",
      "name": "ridersbible",
      "provider": "provider.aws",
      "instances": [
        {
          "schema_version": 0,
          "attributes": {
            "comment": "Managed by Terraform",
            "delegation_set_id": "",
            "force_destroy": false,
            "id": "Z03925243C3JGGW4VDCLM",
            "name": "ridersbible.com.",
            "name_servers": [
              "ns-1168.awsdns-18.org",
              "ns-1715.awsdns-22.co.uk",
              "ns-531.awsdns-02.net",
              "ns-63.awsdns-07.com"
            ],
            "tags": {},
            "vpc": [],
            "vpc_id": null,
            "vpc_region": null,
            "zone_id": "Z03925243C3JGGW4VDCLM"
          },
          "private": "bnVsbA=="
        }
      ]
    },
    {
      "mode": "managed",
      "type": "aws_s3_bucket",
      "name": "compute",
      "provider": "provider.aws",
      "instances": [
        {
          "schema_version": 0,
          "attributes": {
            "acceleration_status": "",
            "acl": "private",
            "arn": "arn:aws:s3:::guided-deployment-compute-staging",
            "bucket": "guided-deployment-compute-staging",
            "bucket_domain_name": "guided-deployment-compute-staging.s3.amazonaws.com",
            "bucket_prefix": null,
            "bucket_regional_domain_name": "guided-deployment-compute-staging.s3.eu-west-2.amazonaws.com",
            "cors_rule": [],
            "force_destroy": false,
            "hosted_zone_id": "Z3GKZC51ZF0DB4",
            "id": "guided-deployment-compute-staging",
            "lifecycle_rule": [],
            "logging": [],
            "object_lock_configuration": [],
            "policy": null,
            "region": "eu-west-2",
            "replication_configuration": [],
            "request_payer": "BucketOwner",
            "server_side_encryption_configuration": [],
            "tags": {},
            "versioning": [
              {
                "enabled": false,
                "mfa_delete": false
              }
            ],
            "website": [],
            "website_domain": null,
            "website_endpoint": null
          },
          "private": "bnVsbA=="
        }
      ]
    },
    {
      "mode": "managed",
      "type": "aws_s3_bucket",
      "name": "site",
      "provider": "provider.aws",
      "instances": [
        {
          "schema_version": 0,
          "attributes": {
            "acceleration_status": "",
            "acl": "private",
            "arn": "arn:aws:s3:::staging.ridersbible.com",
            "bucket": "staging.ridersbible.com",
            "bucket_domain_name": "staging.ridersbible.com.s3.amazonaws.com",
            "bucket_prefix": null,
            "bucket_regional_domain_name": "staging.ridersbible.com.s3.eu-west-2.amazonaws.com",
            "cors_rule": [],
            "force_destroy": false,
            "hosted_zone_id": "Z3GKZC51ZF0DB4",
            "id": "staging.ridersbible.com",
            "lifecycle_rule": [],
            "logging": [],
            "object_lock_configuration": [],
            "policy": null,
            "region": "eu-west-2",
            "replication_configuration": [],
            "request_payer": "BucketOwner",
            "server_side_encryption_configuration": [],
            "tags": {},
            "versioning": [
              {
                "enabled": false,
                "mfa_delete": false
              }
            ],
            "website": [
              {
                "error_document": "error.html",
                "index_document": "index.html",
                "redirect_all_requests_to": "",
                "routing_rules": ""
              }
            ],
            "website_domain": "s3-website.eu-west-2.amazonaws.com",
            "website_endpoint": "staging.ridersbible.com.s3-website.eu-west-2.amazonaws.com"
          },
          "private": "bnVsbA=="
        }
      ]
    },
    {
      "mode": "managed",
      "type": "aws_s3_bucket",
      "name": "site_logs",
      "provider": "provider.aws",
      "instances": [
        {
          "schema_version": 0,
          "attributes": {
            "acceleration_status": "",
            "acl": "log-delivery-write",
            "arn": "arn:aws:s3:::ridersbible.com-logs-staging",
            "bucket": "ridersbible.com-logs-staging",
            "bucket_domain_name": "ridersbible.com-logs-staging.s3.amazonaws.com",
            "bucket_prefix": null,
            "bucket_regional_domain_name": "ridersbible.com-logs-staging.s3.eu-west-2.amazonaws.com",
            "cors_rule": [],
            "force_destroy": false,
            "hosted_zone_id": "Z3GKZC51ZF0DB4",
            "id": "ridersbible.com-logs-staging",
            "lifecycle_rule": [],
            "logging": [],
            "object_lock_configuration": [],
            "policy": null,
            "region": "eu-west-2",
            "replication_configuration": [],
            "request_payer": "BucketOwner",
            "server_side_encryption_configuration": [],
            "tags": {},
            "versioning": [
              {
                "enabled": false,
                "mfa_delete": false
              }
            ],
            "website": [],
            "website_domain": null,
            "website_endpoint": null
          },
          "private": "bnVsbA=="
        }
      ]
    },
    {
      "mode": "managed",
      "type": "aws_s3_bucket_policy",
      "name": "site",
      "provider": "provider.aws",
      "instances": [
        {
          "schema_version": 0,
          "attributes": {
            "bucket": "staging.ridersbible.com",
            "id": "staging.ridersbible.com",
            "policy": "{\"Version\":\"2012-10-17\",\"Statement\":[{\"Sid\":\"\",\"Effect\":\"Allow\",\"Principal\":{\"AWS\":\"*\"},\"Action\":\"s3:GetObject\",\"Resource\":\"arn:aws:s3:::staging.ridersbible.com/*\"},{\"Sid\":\"\",\"Effect\":\"Allow\",\"Principal\":{\"AWS\":\"*\"},\"Action\":\"s3:ListBucket\",\"Resource\":\"arn:aws:s3:::staging.ridersbible.com\"}]}"
          },
          "private": "bnVsbA==",
          "dependencies": [
            "aws_s3_bucket.site"
          ]
        }
      ]
    },
    {
      "mode": "managed",
      "type": "aws_security_group",
      "name": "server",
      "provider": "provider.aws",
      "instances": [
        {
          "schema_version": 1,
          "attributes": {
            "arn": "arn:aws:ec2:eu-west-2:132788847502:security-group/sg-0a1890e75a215e953",
            "description": "Managed by Terraform",
            "egress": [
              {
                "cidr_blocks": [
                  "0.0.0.0/0"
                ],
                "description": "",
                "from_port": 0,
                "ipv6_cidr_blocks": [],
                "prefix_list_ids": [],
                "protocol": "-1",
                "security_groups": [],
                "self": false,
                "to_port": 0
              }
            ],
            "id": "sg-0a1890e75a215e953",
            "ingress": [
              {
                "cidr_blocks": [
                  "0.0.0.0/0"
                ],
                "description": "",
                "from_port": 0,
                "ipv6_cidr_blocks": [],
                "prefix_list_ids": [],
                "protocol": "-1",
                "security_groups": [],
                "self": false,
                "to_port": 0
              },
              {
                "cidr_blocks": [
                  "0.0.0.0/0"
                ],
                "description": "",
                "from_port": 22,
                "ipv6_cidr_blocks": [],
                "prefix_list_ids": [],
                "protocol": "tcp",
                "security_groups": [],
                "self": false,
                "to_port": 22
              }
            ],
            "name": "guided-server-staging",
            "name_prefix": null,
            "owner_id": "132788847502",
            "revoke_rules_on_delete": false,
            "tags": {},
            "timeouts": null,
            "vpc_id": "vpc-8cf586e4"
          },
          "private": "eyJlMmJmYjczMC1lY2FhLTExZTYtOGY4OC0zNDM2M2JjN2M0YzAiOnsiY3JlYXRlIjo2MDAwMDAwMDAwMDAsImRlbGV0ZSI6NjAwMDAwMDAwMDAwfSwic2NoZW1hX3ZlcnNpb24iOiIxIn0="
        }
      ]
    },
    {
      "mode": "managed",
      "type": "aws_sqs_queue",
      "name": "compute",
      "provider": "provider.aws",
      "instances": [
        {
          "schema_version": 0,
          "attributes": {
            "arn": "arn:aws:sqs:eu-west-2:132788847502:compute-stage-staging",
            "content_based_deduplication": false,
            "delay_seconds": 0,
            "fifo_queue": false,
            "id": "https://sqs.eu-west-2.amazonaws.com/132788847502/compute-stage-staging",
            "kms_data_key_reuse_period_seconds": 300,
            "kms_master_key_id": "",
            "max_message_size": 262144,
            "message_retention_seconds": 345600,
            "name": "compute-stage-staging",
            "name_prefix": null,
            "policy": "",
            "receive_wait_time_seconds": 0,
            "redrive_policy": "",
            "tags": {},
            "visibility_timeout_seconds": 30
          },
          "private": "bnVsbA=="
        }
      ]
    },
    {
      "mode": "managed",
      "type": "null_resource",
      "name": "install_node",
      "provider": "provider.null",
      "instances": [
        {
          "schema_version": 0,
          "attributes": {
            "id": "1977543524129107667",
            "triggers": {
              "public_ip": "18.130.241.232"
            }
          },
          "dependencies": [
            "aws_instance.server",
            "aws_key_pair.server",
            "aws_security_group.server",
            "null_resource.upload_cache",
            "null_resource.upload_server"
          ]
        }
      ]
    },
    {
      "mode": "managed",
      "type": "null_resource",
      "name": "site_push",
      "provider": "provider.null",
      "instances": [
        {
          "schema_version": 0,
          "attributes": {
            "id": "6658006328122475133",
            "triggers": {
              "app_version": "0.0.28"
            }
          }
        }
      ]
    },
    {
      "mode": "managed",
      "type": "null_resource",
      "name": "start_server",
      "provider": "provider.null",
      "instances": [
        {
          "schema_version": 0,
          "attributes": {
            "id": "1397737023733610752",
            "triggers": {
              "force": "2020-03-30T13:57:59Z"
            }
          },
          "private": "bnVsbA==",
          "dependencies": [
            "aws_instance.server",
            "null_resource.upload_cache",
            "null_resource.upload_server"
          ]
        }
      ]
    },
    {
      "mode": "managed",
      "type": "null_resource",
      "name": "upload_cache",
      "provider": "provider.null",
      "instances": [
        {
          "schema_version": 0,
          "attributes": {
            "id": "4871785659997864898",
            "triggers": {
              "public_ip": "18.130.241.232",
              "sha1": "3a4f7b0b9befce02f5fcc9ba2cbe66d3707e1ae6"
            }
          },
          "private": "bnVsbA==",
          "dependencies": [
            "aws_instance.server"
          ]
        }
      ]
    },
    {
      "mode": "managed",
      "type": "null_resource",
      "name": "upload_envs",
      "provider": "provider.null",
      "instances": [
        {
          "schema_version": 0,
          "attributes": {
            "id": "7848009236563726604",
            "triggers": {
              "env_file": "APP_VERSION=0.0.28\nCOMPUTE_QUEUE_NAME=compute-stage-staging\nJWT_SECRET=someSecret\nOWNER_PASSWORD=password\nOWNER_USER=superuser\nPOSTGRAPHILE_PORT=5000\nPOSTGRES_DB=main\nPOSTGRES_HOST=staging-database.ridersbible.com\nPOSTGRES_PASSWORD=password\nPOSTGRES_PORT=5432\nPOSTGRES_SCHEMA=public\nPOSTGRES_USER=guided_postgraphile",
              "public_ip": "18.130.241.232"
            }
          },
          "dependencies": [
            "aws_instance.server",
            "aws_route53_record.database",
            "aws_sqs_queue.compute"
          ]
        }
      ]
    },
    {
      "mode": "managed",
      "type": "null_resource",
      "name": "upload_server",
      "provider": "provider.null",
      "instances": [
        {
          "schema_version": 0,
          "attributes": {
            "id": "2608392105470057821",
            "triggers": {
              "public_ip": "18.130.241.232",
              "sha1": "d6f5376e82ffa8586fbbbf507dab2645b6f608e5"
            }
          },
          "dependencies": [
            "aws_instance.server",
            "aws_key_pair.server",
            "aws_security_group.server"
          ]
        }
      ]
    }
  ]
}
