{
  "version": 4,
  "terraform_version": "0.12.20",
  "serial": 461,
  "lineage": "b0ffc982-bcc2-6619-771c-d582f4dbc990",
  "outputs": {
    "compute_queue": {
      "value": "compute-stage-staging",
      "type": "string"
    },
    "database_url": {
      "value": "https://staging-database.ridersbible.com",
      "type": "string"
    },
    "deployed_macro_version": {
      "value": 27,
      "type": "number"
    },
    "graphql_container_tag": {
      "value": "132788847502.dkr.ecr.eu-west-2.amazonaws.com/guided",
      "type": "string"
    },
    "website_url": {
      "value": "https://staging.ridersbible.com.s3-website.eu-west-2.amazonaws.com",
      "type": "string"
    }
  },
  "resources": [
    {
      "mode": "data",
      "type": "aws_iam_policy_document",
      "name": "site",
      "provider": "provider.aws",
      "instances": [
        {
          "schema_version": 0,
          "attributes": {
            "id": "3698289117",
            "json": "{\n  \"Version\": \"2012-10-17\",\n  \"Statement\": [\n    {\n      \"Sid\": \"\",\n      \"Effect\": \"Allow\",\n      \"Action\": \"s3:GetObject\",\n      \"Resource\": \"arn:aws:s3:::staging.ridersbible.com/*\",\n      \"Principal\": {\n        \"AWS\": \"*\"\n      }\n    },\n    {\n      \"Sid\": \"\",\n      \"Effect\": \"Allow\",\n      \"Action\": \"s3:ListBucket\",\n      \"Resource\": \"arn:aws:s3:::staging.ridersbible.com\",\n      \"Principal\": {\n        \"AWS\": \"*\"\n      }\n    }\n  ]\n}",
            "override_json": null,
            "policy_id": null,
            "source_json": null,
            "statement": [
              {
                "actions": [
                  "s3:GetObject"
                ],
                "condition": [],
                "effect": "Allow",
                "not_actions": [],
                "not_principals": [],
                "not_resources": [],
                "principals": [
                  {
                    "identifiers": [
                      "*"
                    ],
                    "type": "AWS"
                  }
                ],
                "resources": [
                  "arn:aws:s3:::staging.ridersbible.com/*"
                ],
                "sid": ""
              },
              {
                "actions": [
                  "s3:ListBucket"
                ],
                "condition": [],
                "effect": "Allow",
                "not_actions": [],
                "not_principals": [],
                "not_resources": [],
                "principals": [
                  {
                    "identifiers": [
                      "*"
                    ],
                    "type": "AWS"
                  }
                ],
                "resources": [
                  "arn:aws:s3:::staging.ridersbible.com"
                ],
                "sid": ""
              }
            ],
            "version": "2012-10-17"
          }
        }
      ]
    },
    {
      "mode": "managed",
      "type": "aws_acm_certificate",
      "name": "guided",
      "provider": "provider.aws.virginia",
      "instances": [
        {
          "schema_version": 0,
          "attributes": {
            "arn": "arn:aws:acm:us-east-1:132788847502:certificate/cd83541a-7887-4db5-b372-973de1e718af",
            "certificate_authority_arn": "",
            "certificate_body": null,
            "certificate_chain": null,
            "domain_name": "ridersbible.com",
            "domain_validation_options": [
              {
                "domain_name": "ridersbible.com",
                "resource_record_name": "_268f0773720437e0d71d57764b64a341.ridersbible.com.",
                "resource_record_type": "CNAME",
                "resource_record_value": "_4db1a020c8a94f9bc882affb5ab54f52.vhzmpjdqfx.acm-validations.aws."
              },
              {
                "domain_name": "*.ridersbible.com",
                "resource_record_name": "_268f0773720437e0d71d57764b64a341.ridersbible.com.",
                "resource_record_type": "CNAME",
                "resource_record_value": "_4db1a020c8a94f9bc882affb5ab54f52.vhzmpjdqfx.acm-validations.aws."
              }
            ],
            "id": "arn:aws:acm:us-east-1:132788847502:certificate/cd83541a-7887-4db5-b372-973de1e718af",
            "options": [
              {
                "certificate_transparency_logging_preference": "ENABLED"
              }
            ],
            "private_key": null,
            "subject_alternative_names": [
              "*.ridersbible.com"
            ],
            "tags": {},
            "validation_emails": [],
            "validation_method": "DNS"
          },
          "private": "eyJzY2hlbWFfdmVyc2lvbiI6IjAifQ=="
        }
      ]
    },
    {
      "mode": "managed",
      "type": "aws_api_gateway_base_path_mapping",
      "name": "guided",
      "provider": "provider.aws",
      "instances": [
        {
          "schema_version": 0,
          "attributes": {
            "api_id": "n5r6z11xp4",
            "base_path": "",
            "domain_name": "staging-api.ridersbible.com",
            "id": "staging-api.ridersbible.com/",
            "stage_name": ""
          },
          "private": "bnVsbA==",
          "dependencies": [
            "aws_acm_certificate.guided",
            "aws_api_gateway_domain_name.api",
            "aws_api_gateway_rest_api.guided"
          ]
        }
      ]
    },
    {
      "mode": "managed",
      "type": "aws_api_gateway_domain_name",
      "name": "api",
      "provider": "provider.aws",
      "instances": [
        {
          "schema_version": 0,
          "attributes": {
            "arn": "arn:aws:apigateway:eu-west-2::/domainnames/staging-api.ridersbible.com",
            "certificate_arn": "arn:aws:acm:us-east-1:132788847502:certificate/cd83541a-7887-4db5-b372-973de1e718af",
            "certificate_body": null,
            "certificate_chain": null,
            "certificate_name": "",
            "certificate_private_key": null,
            "certificate_upload_date": "2020-02-17T13:04:29Z",
            "cloudfront_domain_name": "d3uyzvqdok9g4d.cloudfront.net",
            "cloudfront_zone_id": "Z2FDTNDATAQYW2",
            "domain_name": "staging-api.ridersbible.com",
            "endpoint_configuration": [
              {
                "types": [
                  "EDGE"
                ]
              }
            ],
            "id": "staging-api.ridersbible.com",
            "regional_certificate_arn": "",
            "regional_certificate_name": "",
            "regional_domain_name": "",
            "regional_zone_id": "",
            "security_policy": "TLS_1_0",
            "tags": {}
          },
          "private": "bnVsbA==",
          "dependencies": [
            "aws_acm_certificate.guided"
          ]
        }
      ]
    },
    {
      "mode": "managed",
      "type": "aws_api_gateway_method",
      "name": "proxy",
      "provider": "provider.aws",
      "instances": [
        {
          "schema_version": 0,
          "attributes": {
            "api_key_required": false,
            "authorization": "NONE",
            "authorization_scopes": [],
            "authorizer_id": "",
            "http_method": "ANY",
            "id": "agm-n5r6z11xp4-rmf5hn-ANY",
            "request_models": {},
            "request_parameters": {},
            "request_parameters_in_json": null,
            "request_validator_id": "",
            "resource_id": "rmf5hn",
            "rest_api_id": "n5r6z11xp4"
          },
          "private": "bnVsbA==",
          "dependencies": [
            "aws_api_gateway_resource.guided",
            "aws_api_gateway_rest_api.guided"
          ]
        }
      ]
    },
    {
      "mode": "managed",
      "type": "aws_api_gateway_method",
      "name": "proxy_root",
      "provider": "provider.aws",
      "instances": [
        {
          "schema_version": 0,
          "attributes": {
            "api_key_required": false,
            "authorization": "NONE",
            "authorization_scopes": [],
            "authorizer_id": "",
            "http_method": "ANY",
            "id": "agm-n5r6z11xp4-7ijcc7g4xk-ANY",
            "request_models": {},
            "request_parameters": {},
            "request_parameters_in_json": null,
            "request_validator_id": "",
            "resource_id": "7ijcc7g4xk",
            "rest_api_id": "n5r6z11xp4"
          },
          "private": "bnVsbA==",
          "dependencies": [
            "aws_api_gateway_rest_api.guided"
          ]
        }
      ]
    },
    {
      "mode": "managed",
      "type": "aws_api_gateway_resource",
      "name": "guided",
      "provider": "provider.aws",
      "instances": [
        {
          "schema_version": 0,
          "attributes": {
            "id": "rmf5hn",
            "parent_id": "7ijcc7g4xk",
            "path": "/graphql",
            "path_part": "graphql",
            "rest_api_id": "n5r6z11xp4"
          },
          "private": "bnVsbA==",
          "dependencies": [
            "aws_api_gateway_rest_api.guided"
          ]
        }
      ]
    },
    {
      "mode": "managed",
      "type": "aws_api_gateway_rest_api",
      "name": "guided",
      "provider": "provider.aws",
      "instances": [
        {
          "schema_version": 0,
          "attributes": {
            "api_key_source": "HEADER",
            "arn": "arn:aws:apigateway:eu-west-2::/restapis/n5r6z11xp4",
            "binary_media_types": [],
            "body": null,
            "created_date": "2020-02-17T13:04:25Z",
            "description": "",
            "endpoint_configuration": [
              {
                "types": [
                  "EDGE"
                ],
                "vpc_endpoint_ids": []
              }
            ],
            "execution_arn": "arn:aws:execute-api:eu-west-2:132788847502:n5r6z11xp4",
            "id": "n5r6z11xp4",
            "minimum_compression_size": -1,
            "name": "guided-staging",
            "policy": "",
            "root_resource_id": "7ijcc7g4xk",
            "tags": {}
          },
          "private": "bnVsbA=="
        }
      ]
    },
    {
      "mode": "managed",
      "type": "aws_cloudfront_distribution",
      "name": "site",
      "provider": "provider.aws",
      "instances": [
        {
          "schema_version": 1,
          "attributes": {
            "active_trusted_signers": {
              "enabled": "false",
              "items.#": "0"
            },
            "aliases": [
              "staging.ridersbible.com"
            ],
            "arn": "arn:aws:cloudfront::132788847502:distribution/E2YC3IE0BUBWDC",
            "cache_behavior": [],
            "caller_reference": "terraform-20200217131850169300000001",
            "comment": null,
            "custom_error_response": [],
            "default_cache_behavior": [
              {
                "allowed_methods": [
                  "GET",
                  "HEAD"
                ],
                "cached_methods": [
                  "GET",
                  "HEAD"
                ],
                "compress": true,
                "default_ttl": 1000,
                "field_level_encryption_id": "",
                "forwarded_values": [
                  {
                    "cookies": [
                      {
                        "forward": "all",
                        "whitelisted_names": []
                      }
                    ],
                    "headers": [],
                    "query_string": true,
                    "query_string_cache_keys": []
                  }
                ],
                "lambda_function_association": [],
                "max_ttl": 86400,
                "min_ttl": 0,
                "smooth_streaming": false,
                "target_origin_id": "staging.ridersbible.com",
                "trusted_signers": [],
                "viewer_protocol_policy": "redirect-to-https"
              }
            ],
            "default_root_object": "index.html",
            "domain_name": "dfrodzoiya1wo.cloudfront.net",
            "enabled": true,
            "etag": "E2WWFPGYVFVPAZ",
            "hosted_zone_id": "Z2FDTNDATAQYW2",
            "http_version": "http2",
            "id": "E2YC3IE0BUBWDC",
            "in_progress_validation_batches": 0,
            "is_ipv6_enabled": true,
            "last_modified_time": "2020-02-17 13:18:52.503 +0000 UTC",
            "logging_config": [
              {
                "bucket": "staging-ridersbible.com-logs.s3.amazonaws.com",
                "include_cookies": false,
                "prefix": ""
              }
            ],
            "ordered_cache_behavior": [],
            "origin": [
              {
                "custom_header": [],
                "custom_origin_config": [
                  {
                    "http_port": 80,
                    "https_port": 443,
                    "origin_keepalive_timeout": 5,
                    "origin_protocol_policy": "http-only",
                    "origin_read_timeout": 30,
                    "origin_ssl_protocols": [
                      "TLSv1.2"
                    ]
                  }
                ],
                "domain_name": "staging.ridersbible.com.s3-website.eu-west-2.amazonaws.com",
                "origin_id": "staging.ridersbible.com",
                "origin_path": "",
                "s3_origin_config": []
              }
            ],
            "origin_group": [],
            "price_class": "PriceClass_100",
            "restrictions": [
              {
                "geo_restriction": [
                  {
                    "locations": [],
                    "restriction_type": "none"
                  }
                ]
              }
            ],
            "retain_on_delete": false,
            "status": "Deployed",
            "tags": {},
            "viewer_certificate": [
              {
                "acm_certificate_arn": "arn:aws:acm:us-east-1:132788847502:certificate/cd83541a-7887-4db5-b372-973de1e718af",
                "cloudfront_default_certificate": false,
                "iam_certificate_id": "",
                "minimum_protocol_version": "TLSv1.1_2016",
                "ssl_support_method": "sni-only"
              }
            ],
            "wait_for_deployment": true,
            "web_acl_id": ""
          },
          "private": "eyJzY2hlbWFfdmVyc2lvbiI6IjEifQ==",
          "dependencies": [
            "aws_acm_certificate.guided",
            "aws_s3_bucket.site",
            "aws_s3_bucket.site_logs"
          ]
        }
      ]
    },
    {
      "mode": "managed",
      "type": "aws_db_instance",
      "name": "guided",
      "provider": "provider.aws",
      "instances": [
        {
          "schema_version": 1,
          "attributes": {
            "address": "guided-db-staging.cnl1a6eyfdur.eu-west-2.rds.amazonaws.com",
            "allocated_storage": 300,
            "allow_major_version_upgrade": null,
            "apply_immediately": true,
            "arn": "arn:aws:rds:eu-west-2:132788847502:db:guided-db-staging",
            "auto_minor_version_upgrade": true,
            "availability_zone": "eu-west-2b",
            "backup_retention_period": 0,
            "backup_window": "00:16-00:46",
            "ca_cert_identifier": "rds-ca-2019",
            "character_set_name": null,
            "copy_tags_to_snapshot": false,
            "db_subnet_group_name": "default",
            "delete_automated_backups": true,
            "deletion_protection": false,
            "domain": "",
            "domain_iam_role_name": "",
            "enabled_cloudwatch_logs_exports": [],
            "endpoint": "guided-db-staging.cnl1a6eyfdur.eu-west-2.rds.amazonaws.com:5432",
            "engine": "postgres",
            "engine_version": "11.5",
            "final_snapshot_identifier": "guided-db-staging",
            "hosted_zone_id": "Z1TTGA775OQIYO",
            "iam_database_authentication_enabled": false,
            "id": "guided-db-staging",
            "identifier": "guided-db-staging",
            "identifier_prefix": null,
            "instance_class": "db.t2.micro",
            "iops": 0,
            "kms_key_id": "",
            "license_model": "postgresql-license",
            "maintenance_window": "tue:22:16-tue:22:46",
            "max_allocated_storage": 0,
            "monitoring_interval": 0,
            "monitoring_role_arn": "",
            "multi_az": false,
            "name": "main",
            "option_group_name": "default:postgres-11",
            "parameter_group_name": "terraform-20200226151332290000000001",
            "password": "password",
            "performance_insights_enabled": false,
            "performance_insights_kms_key_id": "",
            "performance_insights_retention_period": 0,
            "port": 5432,
            "publicly_accessible": true,
            "replicas": [],
            "replicate_source_db": "",
            "resource_id": "db-ITOGYQMI3CHQ3CW2NOXX5RF7TI",
            "s3_import": [],
            "security_group_names": [],
            "skip_final_snapshot": false,
            "snapshot_identifier": null,
            "status": "available",
            "storage_encrypted": false,
            "storage_type": "gp2",
            "tags": {},
            "timeouts": null,
            "timezone": "",
            "username": "superuser",
            "vpc_security_group_ids": [
              "sg-04c9fcc7980434e91",
              "sg-be69dddf"
            ]
          },
          "private": "eyJlMmJmYjczMC1lY2FhLTExZTYtOGY4OC0zNDM2M2JjN2M0YzAiOnsiY3JlYXRlIjoyNDAwMDAwMDAwMDAwLCJkZWxldGUiOjI0MDAwMDAwMDAwMDAsInVwZGF0ZSI6NDgwMDAwMDAwMDAwMH0sInNjaGVtYV92ZXJzaW9uIjoiMSJ9",
          "dependencies": [
            "aws_db_parameter_group.db_logical_replication"
          ]
        }
      ]
    },
    {
      "mode": "managed",
      "type": "aws_db_parameter_group",
      "name": "db_logical_replication",
      "provider": "provider.aws",
      "instances": [
        {
          "schema_version": 0,
          "attributes": {
            "arn": "arn:aws:rds:eu-west-2:132788847502:pg:terraform-20200226151332290000000001",
            "description": "Managed by Terraform",
            "family": "postgres11",
            "id": "terraform-20200226151332290000000001",
            "name": "terraform-20200226151332290000000001",
            "name_prefix": null,
            "parameter": [
              {
                "apply_method": "pending-reboot",
                "name": "rds.logical_replication",
                "value": "1"
              }
            ],
            "tags": {}
          },
          "private": "bnVsbA=="
        }
      ]
    },
    {
      "mode": "managed",
      "type": "aws_ecr_repository",
      "name": "guided",
      "provider": "provider.aws",
      "instances": [
        {
          "schema_version": 0,
          "attributes": {
            "arn": "arn:aws:ecr:eu-west-2:132788847502:repository/guided",
            "id": "guided",
            "image_scanning_configuration": [
              {
                "scan_on_push": true
              }
            ],
            "image_tag_mutability": "MUTABLE",
            "name": "guided",
            "registry_id": "132788847502",
            "repository_url": "132788847502.dkr.ecr.eu-west-2.amazonaws.com/guided",
            "tags": {},
            "timeouts": null
          },
          "private": "eyJlMmJmYjczMC1lY2FhLTExZTYtOGY4OC0zNDM2M2JjN2M0YzAiOnsiZGVsZXRlIjoxMjAwMDAwMDAwMDAwfX0="
        }
      ]
    },
    {
      "mode": "managed",
      "type": "aws_ecs_task_definition",
      "name": "graphql",
      "provider": "provider.aws",
      "instances": [
        {
          "schema_version": 1,
          "attributes": {
            "arn": "arn:aws:ecs:eu-west-2:132788847502:task-definition/graphql:1",
            "container_definitions": "[{\"cpu\":10,\"environment\":[],\"essential\":true,\"image\":\"service-first\",\"memory\":512,\"mountPoints\":[],\"name\":\"graphql\",\"portMappings\":[{\"containerPort\":5000,\"hostPort\":5000,\"protocol\":\"tcp\"}],\"volumesFrom\":[]}]",
            "cpu": "",
            "execution_role_arn": "",
            "family": "graphql",
            "id": "graphql",
            "ipc_mode": "",
            "memory": "",
            "network_mode": "",
            "pid_mode": "",
            "placement_constraints": [],
            "proxy_configuration": [],
            "requires_compatibilities": [],
            "revision": 1,
            "tags": {},
            "task_role_arn": "",
            "volume": []
          },
          "private": "eyJzY2hlbWFfdmVyc2lvbiI6IjEifQ=="
        }
      ]
    },
    {
      "mode": "managed",
      "type": "aws_iam_policy",
      "name": "compute_logging",
      "provider": "provider.aws",
      "instances": [
        {
          "schema_version": 0,
          "attributes": {
            "arn": "arn:aws:iam::132788847502:policy/compute_logging_staging",
            "description": "IAM policy for logging from a lambda",
            "id": "arn:aws:iam::132788847502:policy/compute_logging_staging",
            "name": "compute_logging_staging",
            "name_prefix": null,
            "path": "/",
            "policy": "{\n  \"Version\": \"2012-10-17\",\n  \"Statement\": [\n    {\n            \"Effect\": \"Allow\",\n            \"Action\": [\n                \"logs:CreateLogGroup\",\n                \"logs:CreateLogStream\",\n                \"logs:PutLogEvents\"\n            ],\n            \"Resource\": \"*\"\n        }\n  ]\n}"
          },
          "private": "bnVsbA=="
        }
      ]
    },
    {
      "mode": "managed",
      "type": "aws_iam_policy",
      "name": "compute_sqs",
      "provider": "provider.aws",
      "instances": [
        {
          "schema_version": 0,
          "attributes": {
            "arn": "arn:aws:iam::132788847502:policy/compute_sqs_staging",
            "description": "IAM policy for logging from a lambda",
            "id": "arn:aws:iam::132788847502:policy/compute_sqs_staging",
            "name": "compute_sqs_staging",
            "name_prefix": null,
            "path": "/",
            "policy": "{\n  \"Version\": \"2012-10-17\",\n  \"Statement\": [\n    {\n            \"Effect\": \"Allow\",\n            \"Action\": [\n                  \"sqs:ChangeMessageVisibility\",\n                  \"sqs:DeleteMessage\",\n                  \"sqs:GetQueueAttributes\",\n                  \"sqs:ReceiveMessage\"\n            ],\n            \"Resource\": \"*\"\n        }\n  ]\n}"
          },
          "private": "bnVsbA=="
        }
      ]
    },
    {
      "mode": "managed",
      "type": "aws_iam_role",
      "name": "compute",
      "provider": "provider.aws",
      "instances": [
        {
          "schema_version": 0,
          "attributes": {
            "arn": "arn:aws:iam::132788847502:role/guided_compute_staging",
            "assume_role_policy": "{\"Version\":\"2012-10-17\",\"Statement\":[{\"Sid\":\"\",\"Effect\":\"Allow\",\"Principal\":{\"Service\":\"lambda.amazonaws.com\"},\"Action\":\"sts:AssumeRole\"}]}",
            "create_date": "2020-02-23T17:21:58Z",
            "description": "",
            "force_detach_policies": false,
            "id": "guided_compute_staging",
            "max_session_duration": 3600,
            "name": "guided_compute_staging",
            "name_prefix": null,
            "path": "/",
            "permissions_boundary": null,
            "tags": {},
            "unique_id": "AROAR52WVAOHCELTSIMAF"
          },
          "private": "bnVsbA=="
        }
      ]
    },
    {
      "mode": "managed",
      "type": "aws_iam_role_policy_attachment",
      "name": "compute",
      "provider": "provider.aws",
      "instances": [
        {
          "schema_version": 0,
          "attributes": {
            "id": "guided_compute_staging-20200223172200537300000001",
            "policy_arn": "arn:aws:iam::132788847502:policy/compute_logging_staging",
            "role": "guided_compute_staging"
          },
          "private": "bnVsbA==",
          "dependencies": [
            "aws_iam_policy.compute_logging",
            "aws_iam_role.compute"
          ]
        }
      ]
    },
    {
      "mode": "managed",
      "type": "aws_iam_role_policy_attachment",
      "name": "compute_sqs",
      "provider": "provider.aws",
      "instances": [
        {
          "schema_version": 0,
          "attributes": {
            "id": "guided_compute_staging-20200223173727294400000001",
            "policy_arn": "arn:aws:iam::132788847502:policy/compute_sqs_staging",
            "role": "guided_compute_staging"
          },
          "private": "bnVsbA==",
          "dependencies": [
            "aws_iam_policy.compute_sqs",
            "aws_iam_role.compute"
          ]
        }
      ]
    },
    {
      "mode": "managed",
      "type": "aws_lambda_event_source_mapping",
      "name": "compute",
      "provider": "provider.aws",
      "instances": [
        {
          "schema_version": 0,
          "attributes": {
            "batch_size": 1,
            "enabled": true,
            "event_source_arn": "arn:aws:sqs:eu-west-2:132788847502:compute-stage-staging",
            "function_arn": "arn:aws:lambda:eu-west-2:132788847502:function:guided-compute-staging",
            "function_name": "arn:aws:lambda:eu-west-2:132788847502:function:guided-compute-staging",
            "id": "4434fb39-2e03-4814-94b2-a72fb07d7606",
            "last_modified": "2020-02-23T18:09:01Z",
            "last_processing_result": "",
            "maximum_batching_window_in_seconds": 0,
            "starting_position": null,
            "starting_position_timestamp": null,
            "state": "Enabled",
            "state_transition_reason": "USER_INITIATED",
            "uuid": "4434fb39-2e03-4814-94b2-a72fb07d7606"
          },
          "private": "bnVsbA==",
          "dependencies": [
            "aws_db_instance.guided",
            "aws_iam_role.compute",
            "aws_iam_role_policy_attachment.compute",
            "aws_lambda_function.compute",
            "aws_sqs_queue.compute",
            "null_resource.compute_build"
          ]
        }
      ]
    },
    {
      "mode": "managed",
      "type": "aws_lambda_function",
      "name": "compute",
      "provider": "provider.aws",
      "instances": [
        {
          "schema_version": 0,
          "attributes": {
            "arn": "arn:aws:lambda:eu-west-2:132788847502:function:guided-compute-staging",
            "dead_letter_config": [],
            "description": "",
            "environment": [
              {
                "variables": {
                  "APP_VERSION": "0.0.27",
                  "COMPUTE_QUEUE_NAME": "compute-stage-staging",
                  "JWT_SECRET": "someSecret",
                  "OWNER_PASSWORD": "password",
                  "OWNER_USER": "superuser",
                  "POSTGRAPHILE_PORT": "5000",
                  "POSTGRES_DB": "main",
                  "POSTGRES_HOST": "guided-db-staging.cnl1a6eyfdur.eu-west-2.rds.amazonaws.com",
                  "POSTGRES_PASSWORD": "password",
                  "POSTGRES_PORT": "5432",
                  "POSTGRES_SCHEMA": "public",
                  "POSTGRES_USER": "guided_postgraphile"
                }
              }
            ],
            "filename": "./dist/staging-0.0.27-compute.zip",
            "function_name": "guided-compute-staging",
            "handler": "index.handler",
            "id": "guided-compute-staging",
            "invoke_arn": "arn:aws:apigateway:eu-west-2:lambda:path/2015-03-31/functions/arn:aws:lambda:eu-west-2:132788847502:function:guided-compute-staging/invocations",
            "kms_key_arn": "",
            "last_modified": "2020-03-25T15:50:55.297+0000",
            "layers": [],
            "memory_size": 128,
            "publish": false,
            "qualified_arn": "arn:aws:lambda:eu-west-2:132788847502:function:guided-compute-staging:$LATEST",
            "reserved_concurrent_executions": -1,
            "role": "arn:aws:iam::132788847502:role/guided_compute_staging",
            "runtime": "nodejs12.x",
            "s3_bucket": null,
            "s3_key": null,
            "s3_object_version": null,
            "source_code_hash": "i+2moy4pyTCzAQV5R4L/Mo0ikHk9MyGaBgli7dXnPTc=",
            "source_code_size": 664720,
            "tags": {},
            "timeout": 30,
            "timeouts": null,
            "tracing_config": [
              {
                "mode": "PassThrough"
              }
            ],
            "version": "$LATEST",
            "vpc_config": []
          },
          "private": "eyJlMmJmYjczMC1lY2FhLTExZTYtOGY4OC0zNDM2M2JjN2M0YzAiOnsiY3JlYXRlIjo2MDAwMDAwMDAwMDB9fQ==",
          "dependencies": [
            "aws_db_instance.guided",
            "aws_iam_role.compute",
            "aws_iam_role_policy_attachment.compute",
            "aws_sqs_queue.compute"
          ]
        }
      ]
    },
    {
      "mode": "managed",
      "type": "aws_route53_record",
      "name": "database",
      "provider": "provider.aws",
      "instances": [
        {
          "schema_version": 2,
          "attributes": {
            "alias": [],
            "allow_overwrite": null,
            "failover_routing_policy": [],
            "fqdn": "staging-database.ridersbible.com",
            "geolocation_routing_policy": [],
            "health_check_id": "",
            "id": "Z1PA7SF11O58YF_staging-database.ridersbible.com_CNAME",
            "latency_routing_policy": [],
            "multivalue_answer_routing_policy": null,
            "name": "staging-database.ridersbible.com",
            "records": [
              "guided-db-staging.cnl1a6eyfdur.eu-west-2.rds.amazonaws.com"
            ],
            "set_identifier": "",
            "ttl": 300,
            "type": "CNAME",
            "weighted_routing_policy": [],
            "zone_id": "Z1PA7SF11O58YF"
          },
          "private": "eyJzY2hlbWFfdmVyc2lvbiI6IjIifQ==",
          "dependencies": [
            "aws_db_instance.guided",
            "aws_route53_zone.ridersbible"
          ]
        }
      ]
    },
    {
      "mode": "managed",
      "type": "aws_route53_record",
      "name": "site",
      "provider": "provider.aws",
      "instances": [
        {
          "schema_version": 2,
          "attributes": {
            "alias": [
              {
                "evaluate_target_health": false,
                "name": "dfrodzoiya1wo.cloudfront.net",
                "zone_id": "Z2FDTNDATAQYW2"
              }
            ],
            "allow_overwrite": null,
            "failover_routing_policy": [],
            "fqdn": "staging.ridersbible.com",
            "geolocation_routing_policy": [],
            "health_check_id": "",
            "id": "Z1PA7SF11O58YF_staging.ridersbible.com_A",
            "latency_routing_policy": [],
            "multivalue_answer_routing_policy": null,
            "name": "staging.ridersbible.com",
            "records": [],
            "set_identifier": "",
            "ttl": 0,
            "type": "A",
            "weighted_routing_policy": [],
            "zone_id": "Z1PA7SF11O58YF"
          },
          "private": "eyJzY2hlbWFfdmVyc2lvbiI6IjIifQ==",
          "dependencies": [
            "aws_cloudfront_distribution.site",
            "aws_route53_zone.ridersbible"
          ]
        }
      ]
    },
    {
      "mode": "managed",
      "type": "aws_route53_zone",
      "name": "ridersbible",
      "provider": "provider.aws",
      "instances": [
        {
          "schema_version": 0,
          "attributes": {
            "comment": "Managed by Terraform",
            "delegation_set_id": "",
            "force_destroy": false,
            "id": "Z1PA7SF11O58YF",
            "name": "ridersbible.com.",
            "name_servers": [
              "ns-1013.awsdns-62.net",
              "ns-1270.awsdns-30.org",
              "ns-1615.awsdns-09.co.uk",
              "ns-395.awsdns-49.com"
            ],
            "tags": {},
            "vpc": [],
            "vpc_id": null,
            "vpc_region": null,
            "zone_id": "Z1PA7SF11O58YF"
          }
        }
      ]
    },
    {
      "mode": "managed",
      "type": "aws_s3_bucket",
      "name": "compute",
      "provider": "provider.aws",
      "instances": [
        {
          "schema_version": 0,
          "attributes": {
            "acceleration_status": "",
            "acl": "private",
            "arn": "arn:aws:s3:::guided-compute-deployment-staging",
            "bucket": "guided-compute-deployment-staging",
            "bucket_domain_name": "guided-compute-deployment-staging.s3.amazonaws.com",
            "bucket_prefix": null,
            "bucket_regional_domain_name": "guided-compute-deployment-staging.s3.eu-west-2.amazonaws.com",
            "cors_rule": [],
            "force_destroy": false,
            "hosted_zone_id": "Z3GKZC51ZF0DB4",
            "id": "guided-compute-deployment-staging",
            "lifecycle_rule": [],
            "logging": [],
            "object_lock_configuration": [],
            "policy": null,
            "region": "eu-west-2",
            "replication_configuration": [],
            "request_payer": "BucketOwner",
            "server_side_encryption_configuration": [],
            "tags": {},
            "versioning": [
              {
                "enabled": false,
                "mfa_delete": false
              }
            ],
            "website": [],
            "website_domain": null,
            "website_endpoint": null
          },
          "private": "bnVsbA=="
        }
      ]
    },
    {
      "mode": "managed",
      "type": "aws_s3_bucket",
      "name": "site",
      "provider": "provider.aws",
      "instances": [
        {
          "schema_version": 0,
          "attributes": {
            "acceleration_status": "",
            "acl": "private",
            "arn": "arn:aws:s3:::staging.ridersbible.com",
            "bucket": "staging.ridersbible.com",
            "bucket_domain_name": "staging.ridersbible.com.s3.amazonaws.com",
            "bucket_prefix": null,
            "bucket_regional_domain_name": "staging.ridersbible.com.s3.eu-west-2.amazonaws.com",
            "cors_rule": [],
            "force_destroy": false,
            "hosted_zone_id": "Z3GKZC51ZF0DB4",
            "id": "staging.ridersbible.com",
            "lifecycle_rule": [],
            "logging": [],
            "object_lock_configuration": [],
            "policy": null,
            "region": "eu-west-2",
            "replication_configuration": [],
            "request_payer": "BucketOwner",
            "server_side_encryption_configuration": [],
            "tags": {},
            "versioning": [
              {
                "enabled": false,
                "mfa_delete": false
              }
            ],
            "website": [
              {
                "error_document": "error.html",
                "index_document": "index.html",
                "redirect_all_requests_to": "",
                "routing_rules": ""
              }
            ],
            "website_domain": "s3-website.eu-west-2.amazonaws.com",
            "website_endpoint": "staging.ridersbible.com.s3-website.eu-west-2.amazonaws.com"
          },
          "private": "bnVsbA=="
        }
      ]
    },
    {
      "mode": "managed",
      "type": "aws_s3_bucket",
      "name": "site_logs",
      "provider": "provider.aws",
      "instances": [
        {
          "schema_version": 0,
          "attributes": {
            "acceleration_status": "",
            "acl": "log-delivery-write",
            "arn": "arn:aws:s3:::staging-ridersbible.com-logs",
            "bucket": "staging-ridersbible.com-logs",
            "bucket_domain_name": "staging-ridersbible.com-logs.s3.amazonaws.com",
            "bucket_prefix": null,
            "bucket_regional_domain_name": "staging-ridersbible.com-logs.s3.eu-west-2.amazonaws.com",
            "cors_rule": [],
            "force_destroy": false,
            "hosted_zone_id": "Z3GKZC51ZF0DB4",
            "id": "staging-ridersbible.com-logs",
            "lifecycle_rule": [],
            "logging": [],
            "object_lock_configuration": [],
            "policy": null,
            "region": "eu-west-2",
            "replication_configuration": [],
            "request_payer": "BucketOwner",
            "server_side_encryption_configuration": [],
            "tags": {},
            "versioning": [
              {
                "enabled": false,
                "mfa_delete": false
              }
            ],
            "website": [],
            "website_domain": null,
            "website_endpoint": null
          },
          "private": "bnVsbA=="
        }
      ]
    },
    {
      "mode": "managed",
      "type": "aws_s3_bucket_policy",
      "name": "site",
      "provider": "provider.aws",
      "instances": [
        {
          "schema_version": 0,
          "attributes": {
            "bucket": "staging.ridersbible.com",
            "id": "staging.ridersbible.com",
            "policy": "{\"Version\":\"2012-10-17\",\"Statement\":[{\"Sid\":\"\",\"Effect\":\"Allow\",\"Principal\":{\"AWS\":\"*\"},\"Action\":\"s3:GetObject\",\"Resource\":\"arn:aws:s3:::staging.ridersbible.com/*\"},{\"Sid\":\"\",\"Effect\":\"Allow\",\"Principal\":{\"AWS\":\"*\"},\"Action\":\"s3:ListBucket\",\"Resource\":\"arn:aws:s3:::staging.ridersbible.com\"}]}"
          },
          "private": "bnVsbA==",
          "dependencies": [
            "aws_s3_bucket.site"
          ]
        }
      ]
    },
    {
      "mode": "managed",
      "type": "aws_sqs_queue",
      "name": "compute",
      "provider": "provider.aws",
      "instances": [
        {
          "schema_version": 0,
          "attributes": {
            "arn": "arn:aws:sqs:eu-west-2:132788847502:compute-stage-staging",
            "content_based_deduplication": false,
            "delay_seconds": 0,
            "fifo_queue": false,
            "id": "https://sqs.eu-west-2.amazonaws.com/132788847502/compute-stage-staging",
            "kms_data_key_reuse_period_seconds": 300,
            "kms_master_key_id": "",
            "max_message_size": 262144,
            "message_retention_seconds": 345600,
            "name": "compute-stage-staging",
            "name_prefix": null,
            "policy": "",
            "receive_wait_time_seconds": 0,
            "redrive_policy": "",
            "tags": {},
            "visibility_timeout_seconds": 30
          },
          "private": "bnVsbA=="
        }
      ]
    },
    {
      "mode": "managed",
      "type": "null_resource",
      "name": "site_push",
      "provider": "provider.null",
      "instances": [
        {
          "schema_version": 0,
          "attributes": {
            "id": "5535239890663805779",
            "triggers": {
              "app_version": "0.0.27"
            }
          },
          "dependencies": [
            "aws_api_gateway_deployment.graphql",
            "aws_api_gateway_resource.guided",
            "aws_db_instance.guided",
            "aws_iam_role.graphql",
            "aws_iam_role_policy_attachment.graphql",
            "aws_lambda_function.compute",
            "aws_lambda_function.graphql",
            "aws_sqs_queue.compute"
          ]
        }
      ]
    }
  ]
}
