{
  "version": 4,
  "terraform_version": "0.12.20",
  "serial": 67,
  "lineage": "b0ffc982-bcc2-6619-771c-d582f4dbc990",
  "outputs": {
    "database_url": {
      "value": "https://staging-database.ridersbible.com",
      "type": "string"
    },
    "lambda_url": {
      "value": "https://staging-lambda.ridersbible.com",
      "type": "string"
    },
    "website_url": {
      "value": "https://staging.ridersbible.com.s3-website.eu-west-2.amazonaws.com",
      "type": "string"
    }
  },
  "resources": [
    {
      "mode": "data",
      "type": "archive_file",
      "name": "lambda",
      "provider": "provider.archive",
      "instances": [
        {
          "schema_version": 0,
          "attributes": {
            "excludes": null,
            "id": "c3cf8a3754c575279071f51f971a8db60846b68b",
            "output_base64sha256": "QNrI1oTOkdGYpy1kl1vactm7sPXZN772ArFazCN+TN0=",
            "output_md5": "4175ede1a596c8fdd696f1f56691e77e",
            "output_path": "dist/staging-0.0.0-lambda.zip",
            "output_sha": "c3cf8a3754c575279071f51f971a8db60846b68b",
            "output_size": 348,
            "source": [],
            "source_content": null,
            "source_content_filename": null,
            "source_dir": "lambda",
            "source_file": null,
            "type": "zip"
          }
        }
      ]
    },
    {
      "mode": "data",
      "type": "archive_file",
      "name": "site",
      "provider": "provider.archive",
      "instances": [
        {
          "schema_version": 0,
          "attributes": {
            "excludes": null,
            "id": "188eff5f3115bc294acd3e2fe6d3c773c2a1acad",
            "output_base64sha256": "+7QtE6ttizgjjHISke26tOSLYj7YKRNRgIYOtCRc3CE=",
            "output_md5": "68b117e073ff32f1223d89511ae218d3",
            "output_path": "dist/staging-0.0.0-site.zip",
            "output_sha": "188eff5f3115bc294acd3e2fe6d3c773c2a1acad",
            "output_size": 286,
            "source": [],
            "source_content": null,
            "source_content_filename": null,
            "source_dir": "site",
            "source_file": null,
            "type": "zip"
          }
        }
      ]
    },
    {
      "mode": "data",
      "type": "aws_iam_policy_document",
      "name": "site",
      "provider": "provider.aws",
      "instances": [
        {
          "schema_version": 0,
          "attributes": {
            "id": "3698289117",
            "json": "{\n  \"Version\": \"2012-10-17\",\n  \"Statement\": [\n    {\n      \"Sid\": \"\",\n      \"Effect\": \"Allow\",\n      \"Action\": \"s3:GetObject\",\n      \"Resource\": \"arn:aws:s3:::staging.ridersbible.com/*\",\n      \"Principal\": {\n        \"AWS\": \"*\"\n      }\n    },\n    {\n      \"Sid\": \"\",\n      \"Effect\": \"Allow\",\n      \"Action\": \"s3:ListBucket\",\n      \"Resource\": \"arn:aws:s3:::staging.ridersbible.com\",\n      \"Principal\": {\n        \"AWS\": \"*\"\n      }\n    }\n  ]\n}",
            "override_json": null,
            "policy_id": null,
            "source_json": null,
            "statement": [
              {
                "actions": [
                  "s3:GetObject"
                ],
                "condition": [],
                "effect": "Allow",
                "not_actions": [],
                "not_principals": [],
                "not_resources": [],
                "principals": [
                  {
                    "identifiers": [
                      "*"
                    ],
                    "type": "AWS"
                  }
                ],
                "resources": [
                  "arn:aws:s3:::staging.ridersbible.com/*"
                ],
                "sid": ""
              },
              {
                "actions": [
                  "s3:ListBucket"
                ],
                "condition": [],
                "effect": "Allow",
                "not_actions": [],
                "not_principals": [],
                "not_resources": [],
                "principals": [
                  {
                    "identifiers": [
                      "*"
                    ],
                    "type": "AWS"
                  }
                ],
                "resources": [
                  "arn:aws:s3:::staging.ridersbible.com"
                ],
                "sid": ""
              }
            ],
            "version": "2012-10-17"
          }
        }
      ]
    },
    {
      "mode": "managed",
      "type": "aws_acm_certificate",
      "name": "guided",
      "provider": "provider.aws.virginia",
      "instances": [
        {
          "schema_version": 0,
          "attributes": {
            "arn": "arn:aws:acm:us-east-1:132788847502:certificate/cd83541a-7887-4db5-b372-973de1e718af",
            "certificate_authority_arn": "",
            "certificate_body": null,
            "certificate_chain": null,
            "domain_name": "ridersbible.com",
            "domain_validation_options": [
              {
                "domain_name": "ridersbible.com",
                "resource_record_name": "_268f0773720437e0d71d57764b64a341.ridersbible.com.",
                "resource_record_type": "CNAME",
                "resource_record_value": "_4db1a020c8a94f9bc882affb5ab54f52.vhzmpjdqfx.acm-validations.aws."
              },
              {
                "domain_name": "*.ridersbible.com",
                "resource_record_name": "_268f0773720437e0d71d57764b64a341.ridersbible.com.",
                "resource_record_type": "CNAME",
                "resource_record_value": "_4db1a020c8a94f9bc882affb5ab54f52.vhzmpjdqfx.acm-validations.aws."
              }
            ],
            "id": "arn:aws:acm:us-east-1:132788847502:certificate/cd83541a-7887-4db5-b372-973de1e718af",
            "options": [
              {
                "certificate_transparency_logging_preference": "ENABLED"
              }
            ],
            "private_key": null,
            "subject_alternative_names": [
              "*.ridersbible.com"
            ],
            "tags": {},
            "validation_emails": [],
            "validation_method": "DNS"
          },
          "private": "eyJzY2hlbWFfdmVyc2lvbiI6IjAifQ=="
        }
      ]
    },
    {
      "mode": "managed",
      "type": "aws_api_gateway_base_path_mapping",
      "name": "guided",
      "provider": "provider.aws",
      "instances": [
        {
          "schema_version": 0,
          "attributes": {
            "api_id": "n5r6z11xp4",
            "base_path": "",
            "domain_name": "staging-api.ridersbible.com",
            "id": "staging-api.ridersbible.com/",
            "stage_name": ""
          },
          "private": "bnVsbA==",
          "dependencies": [
            "aws_acm_certificate.guided",
            "aws_api_gateway_domain_name.api",
            "aws_api_gateway_rest_api.guided"
          ]
        }
      ]
    },
    {
      "mode": "managed",
      "type": "aws_api_gateway_deployment",
      "name": "guided",
      "provider": "provider.aws",
      "instances": []
    },
    {
      "mode": "managed",
      "type": "aws_api_gateway_domain_name",
      "name": "api",
      "provider": "provider.aws",
      "instances": [
        {
          "schema_version": 0,
          "attributes": {
            "arn": "arn:aws:apigateway:eu-west-2::/domainnames/staging-api.ridersbible.com",
            "certificate_arn": "arn:aws:acm:us-east-1:132788847502:certificate/cd83541a-7887-4db5-b372-973de1e718af",
            "certificate_body": null,
            "certificate_chain": null,
            "certificate_name": "",
            "certificate_private_key": null,
            "certificate_upload_date": "2020-02-17T13:04:29Z",
            "cloudfront_domain_name": "d3uyzvqdok9g4d.cloudfront.net",
            "cloudfront_zone_id": "Z2FDTNDATAQYW2",
            "domain_name": "staging-api.ridersbible.com",
            "endpoint_configuration": [
              {
                "types": [
                  "EDGE"
                ]
              }
            ],
            "id": "staging-api.ridersbible.com",
            "regional_certificate_arn": "",
            "regional_certificate_name": "",
            "regional_domain_name": "",
            "regional_zone_id": "",
            "security_policy": "TLS_1_0",
            "tags": {}
          },
          "private": "bnVsbA==",
          "dependencies": [
            "aws_acm_certificate.guided"
          ]
        }
      ]
    },
    {
      "mode": "managed",
      "type": "aws_api_gateway_integration",
      "name": "lambda",
      "provider": "provider.aws",
      "instances": []
    },
    {
      "mode": "managed",
      "type": "aws_api_gateway_integration",
      "name": "lambda_root",
      "provider": "provider.aws",
      "instances": []
    },
    {
      "mode": "managed",
      "type": "aws_api_gateway_method",
      "name": "proxy",
      "provider": "provider.aws",
      "instances": [
        {
          "schema_version": 0,
          "attributes": {
            "api_key_required": false,
            "authorization": "NONE",
            "authorization_scopes": [],
            "authorizer_id": "",
            "http_method": "ANY",
            "id": "agm-n5r6z11xp4-rmf5hn-ANY",
            "request_models": {},
            "request_parameters": {},
            "request_parameters_in_json": null,
            "request_validator_id": "",
            "resource_id": "rmf5hn",
            "rest_api_id": "n5r6z11xp4"
          },
          "private": "bnVsbA==",
          "dependencies": [
            "aws_api_gateway_resource.guided",
            "aws_api_gateway_rest_api.guided"
          ]
        }
      ]
    },
    {
      "mode": "managed",
      "type": "aws_api_gateway_method",
      "name": "proxy_root",
      "provider": "provider.aws",
      "instances": [
        {
          "schema_version": 0,
          "attributes": {
            "api_key_required": false,
            "authorization": "NONE",
            "authorization_scopes": [],
            "authorizer_id": "",
            "http_method": "ANY",
            "id": "agm-n5r6z11xp4-7ijcc7g4xk-ANY",
            "request_models": {},
            "request_parameters": {},
            "request_parameters_in_json": null,
            "request_validator_id": "",
            "resource_id": "7ijcc7g4xk",
            "rest_api_id": "n5r6z11xp4"
          },
          "private": "bnVsbA==",
          "dependencies": [
            "aws_api_gateway_rest_api.guided"
          ]
        }
      ]
    },
    {
      "mode": "managed",
      "type": "aws_api_gateway_resource",
      "name": "guided",
      "provider": "provider.aws",
      "instances": [
        {
          "schema_version": 0,
          "attributes": {
            "id": "rmf5hn",
            "parent_id": "7ijcc7g4xk",
            "path": "/graphql",
            "path_part": "graphql",
            "rest_api_id": "n5r6z11xp4"
          },
          "private": "bnVsbA==",
          "dependencies": [
            "aws_api_gateway_rest_api.guided"
          ]
        }
      ]
    },
    {
      "mode": "managed",
      "type": "aws_api_gateway_rest_api",
      "name": "guided",
      "provider": "provider.aws",
      "instances": [
        {
          "schema_version": 0,
          "attributes": {
            "api_key_source": "HEADER",
            "arn": "arn:aws:apigateway:eu-west-2::/restapis/n5r6z11xp4",
            "binary_media_types": [],
            "body": null,
            "created_date": "2020-02-17T13:04:25Z",
            "description": "",
            "endpoint_configuration": [
              {
                "types": [
                  "EDGE"
                ],
                "vpc_endpoint_ids": []
              }
            ],
            "execution_arn": "arn:aws:execute-api:eu-west-2:132788847502:n5r6z11xp4",
            "id": "n5r6z11xp4",
            "minimum_compression_size": -1,
            "name": "guided-staging",
            "policy": "",
            "root_resource_id": "7ijcc7g4xk",
            "tags": {}
          },
          "private": "bnVsbA=="
        }
      ]
    },
    {
      "mode": "managed",
      "type": "aws_cloudfront_distribution",
      "name": "site",
      "provider": "provider.aws",
      "instances": [
        {
          "schema_version": 1,
          "attributes": {
            "active_trusted_signers": {
              "enabled": "false",
              "items.#": "0"
            },
            "aliases": [
              "staging.ridersbible.com"
            ],
            "arn": "arn:aws:cloudfront::132788847502:distribution/E1EMO4J4VCIT47",
            "cache_behavior": [],
            "caller_reference": "terraform-20200217130429683300000001",
            "comment": null,
            "custom_error_response": [],
            "default_cache_behavior": [
              {
                "allowed_methods": [
                  "GET",
                  "HEAD"
                ],
                "cached_methods": [
                  "GET",
                  "HEAD"
                ],
                "compress": true,
                "default_ttl": 1000,
                "field_level_encryption_id": "",
                "forwarded_values": [
                  {
                    "cookies": [
                      {
                        "forward": "all",
                        "whitelisted_names": []
                      }
                    ],
                    "headers": [],
                    "query_string": true,
                    "query_string_cache_keys": []
                  }
                ],
                "lambda_function_association": [],
                "max_ttl": 86400,
                "min_ttl": 0,
                "smooth_streaming": false,
                "target_origin_id": "staging-ridersbible.com",
                "trusted_signers": [],
                "viewer_protocol_policy": "redirect-to-https"
              }
            ],
            "default_root_object": "index.html",
            "domain_name": "dxqgn0q8dvi8c.cloudfront.net",
            "enabled": true,
            "etag": "E3KHE0QS5YLN6Z",
            "hosted_zone_id": "Z2FDTNDATAQYW2",
            "http_version": "http2",
            "id": "E1EMO4J4VCIT47",
            "in_progress_validation_batches": 0,
            "is_ipv6_enabled": true,
            "last_modified_time": "2020-02-17 13:04:31.962 +0000 UTC",
            "logging_config": [
              {
                "bucket": "staging-ridersbible.com-logs.s3.amazonaws.com",
                "include_cookies": false,
                "prefix": ""
              }
            ],
            "ordered_cache_behavior": [],
            "origin": [
              {
                "custom_header": [],
                "custom_origin_config": [
                  {
                    "http_port": 80,
                    "https_port": 443,
                    "origin_keepalive_timeout": 5,
                    "origin_protocol_policy": "http-only",
                    "origin_read_timeout": 30,
                    "origin_ssl_protocols": [
                      "TLSv1.2"
                    ]
                  }
                ],
                "domain_name": "staging.ridersbible.com.s3-website.eu-west-2.amazonaws.com",
                "origin_id": "staging-ridersbible.com",
                "origin_path": "",
                "s3_origin_config": []
              }
            ],
            "origin_group": [],
            "price_class": "PriceClass_100",
            "restrictions": [
              {
                "geo_restriction": [
                  {
                    "locations": [],
                    "restriction_type": "none"
                  }
                ]
              }
            ],
            "retain_on_delete": false,
            "status": "InProgress",
            "tags": {},
            "viewer_certificate": [
              {
                "acm_certificate_arn": "arn:aws:acm:us-east-1:132788847502:certificate/cd83541a-7887-4db5-b372-973de1e718af",
                "cloudfront_default_certificate": false,
                "iam_certificate_id": "",
                "minimum_protocol_version": "TLSv1.1_2016",
                "ssl_support_method": "sni-only"
              }
            ],
            "wait_for_deployment": true,
            "web_acl_id": ""
          },
          "private": "eyJzY2hlbWFfdmVyc2lvbiI6IjEifQ==",
          "dependencies": [
            "aws_acm_certificate.guided",
            "aws_s3_bucket.site",
            "aws_s3_bucket.site_logs"
          ]
        }
      ]
    },
    {
      "mode": "managed",
      "type": "aws_iam_role",
      "name": "iam_for_lambda",
      "provider": "provider.aws",
      "instances": [
        {
          "schema_version": 0,
          "attributes": {
            "arn": "arn:aws:iam::132788847502:role/iam_for_lambda",
            "assume_role_policy": "{\"Version\":\"2012-10-17\",\"Statement\":[{\"Sid\":\"\",\"Effect\":\"Allow\",\"Principal\":{\"Service\":\"lambda.amazonaws.com\"},\"Action\":\"sts:AssumeRole\"}]}",
            "create_date": "2020-02-17T13:04:26Z",
            "description": "",
            "force_detach_policies": false,
            "id": "iam_for_lambda",
            "max_session_duration": 3600,
            "name": "iam_for_lambda",
            "name_prefix": null,
            "path": "/",
            "permissions_boundary": null,
            "tags": {},
            "unique_id": "AROAR52WVAOHOUXTMLEXI"
          },
          "private": "bnVsbA=="
        }
      ]
    },
    {
      "mode": "managed",
      "type": "aws_lambda_function",
      "name": "lambda",
      "provider": "provider.aws",
      "instances": []
    },
    {
      "mode": "managed",
      "type": "aws_lambda_permission",
      "name": "api",
      "provider": "provider.aws",
      "instances": []
    },
    {
      "mode": "managed",
      "type": "aws_route53_record",
      "name": "database",
      "provider": "provider.aws",
      "instances": []
    },
    {
      "mode": "managed",
      "type": "aws_route53_record",
      "name": "lambda",
      "provider": "provider.aws",
      "instances": []
    },
    {
      "mode": "managed",
      "type": "aws_route53_zone",
      "name": "ridersbible",
      "provider": "provider.aws",
      "instances": [
        {
          "schema_version": 0,
          "attributes": {
            "comment": "Managed by Terraform",
            "delegation_set_id": "",
            "force_destroy": false,
            "id": "Z1PA7SF11O58YF",
            "name": "ridersbible.com.",
            "name_servers": [
              "ns-1013.awsdns-62.net",
              "ns-1270.awsdns-30.org",
              "ns-1615.awsdns-09.co.uk",
              "ns-395.awsdns-49.com"
            ],
            "tags": {},
            "vpc": [],
            "vpc_id": null,
            "vpc_region": null,
            "zone_id": "Z1PA7SF11O58YF"
          }
        }
      ]
    },
    {
      "mode": "managed",
      "type": "aws_s3_bucket",
      "name": "site",
      "provider": "provider.aws",
      "instances": [
        {
          "schema_version": 0,
          "attributes": {
            "acceleration_status": "",
            "acl": "private",
            "arn": "arn:aws:s3:::staging.ridersbible.com",
            "bucket": "staging.ridersbible.com",
            "bucket_domain_name": "staging.ridersbible.com.s3.amazonaws.com",
            "bucket_prefix": null,
            "bucket_regional_domain_name": "staging.ridersbible.com.s3.eu-west-2.amazonaws.com",
            "cors_rule": [],
            "force_destroy": false,
            "hosted_zone_id": "Z3GKZC51ZF0DB4",
            "id": "staging.ridersbible.com",
            "lifecycle_rule": [],
            "logging": [],
            "object_lock_configuration": [],
            "policy": null,
            "region": "eu-west-2",
            "replication_configuration": [],
            "request_payer": "BucketOwner",
            "server_side_encryption_configuration": [],
            "tags": {},
            "versioning": [
              {
                "enabled": false,
                "mfa_delete": false
              }
            ],
            "website": [
              {
                "error_document": "error.html",
                "index_document": "index.html",
                "redirect_all_requests_to": "",
                "routing_rules": ""
              }
            ],
            "website_domain": "s3-website.eu-west-2.amazonaws.com",
            "website_endpoint": "staging.ridersbible.com.s3-website.eu-west-2.amazonaws.com"
          },
          "private": "bnVsbA=="
        }
      ]
    },
    {
      "mode": "managed",
      "type": "aws_s3_bucket",
      "name": "site_logs",
      "provider": "provider.aws",
      "instances": [
        {
          "schema_version": 0,
          "attributes": {
            "acceleration_status": "",
            "acl": "log-delivery-write",
            "arn": "arn:aws:s3:::staging-ridersbible.com-logs",
            "bucket": "staging-ridersbible.com-logs",
            "bucket_domain_name": "staging-ridersbible.com-logs.s3.amazonaws.com",
            "bucket_prefix": null,
            "bucket_regional_domain_name": "staging-ridersbible.com-logs.s3.eu-west-2.amazonaws.com",
            "cors_rule": [],
            "force_destroy": false,
            "hosted_zone_id": "Z3GKZC51ZF0DB4",
            "id": "staging-ridersbible.com-logs",
            "lifecycle_rule": [],
            "logging": [],
            "object_lock_configuration": [],
            "policy": null,
            "region": "eu-west-2",
            "replication_configuration": [],
            "request_payer": "BucketOwner",
            "server_side_encryption_configuration": [],
            "tags": {},
            "versioning": [
              {
                "enabled": false,
                "mfa_delete": false
              }
            ],
            "website": [],
            "website_domain": null,
            "website_endpoint": null
          },
          "private": "bnVsbA=="
        }
      ]
    },
    {
      "mode": "managed",
      "type": "aws_s3_bucket_object",
      "name": "site_error",
      "provider": "provider.aws",
      "instances": [
        {
          "schema_version": 0,
          "attributes": {
            "acl": "public-read",
            "bucket": "staging.ridersbible.com",
            "cache_control": "",
            "content": null,
            "content_base64": null,
            "content_disposition": "",
            "content_encoding": "",
            "content_language": "",
            "content_type": "text/html",
            "etag": "7e1e7c135bb5752d187ded36af5a1a45",
            "force_destroy": false,
            "id": "error.html",
            "key": "error.html",
            "kms_key_id": null,
            "metadata": {},
            "object_lock_legal_hold_status": "",
            "object_lock_mode": "",
            "object_lock_retain_until_date": "",
            "server_side_encryption": "",
            "source": "site/error.html",
            "storage_class": "STANDARD",
            "tags": {},
            "version_id": "",
            "website_redirect": ""
          },
          "private": "bnVsbA==",
          "dependencies": [
            "aws_s3_bucket.site"
          ]
        }
      ]
    },
    {
      "mode": "managed",
      "type": "aws_s3_bucket_object",
      "name": "site_index",
      "provider": "provider.aws",
      "instances": [
        {
          "schema_version": 0,
          "attributes": {
            "acl": "public-read",
            "bucket": "staging.ridersbible.com",
            "cache_control": "",
            "content": null,
            "content_base64": null,
            "content_disposition": "",
            "content_encoding": "",
            "content_language": "",
            "content_type": "text/html",
            "etag": "7726c4b43e6311d6884fa14a00364a46",
            "force_destroy": false,
            "id": "index.html",
            "key": "index.html",
            "kms_key_id": null,
            "metadata": {},
            "object_lock_legal_hold_status": "",
            "object_lock_mode": "",
            "object_lock_retain_until_date": "",
            "server_side_encryption": "",
            "source": "site/index.html",
            "storage_class": "STANDARD",
            "tags": {},
            "version_id": "",
            "website_redirect": ""
          },
          "private": "bnVsbA==",
          "dependencies": [
            "aws_s3_bucket.site"
          ]
        }
      ]
    },
    {
      "mode": "managed",
      "type": "aws_s3_bucket_policy",
      "name": "site",
      "provider": "provider.aws",
      "instances": [
        {
          "schema_version": 0,
          "attributes": {
            "bucket": "staging.ridersbible.com",
            "id": "staging.ridersbible.com",
            "policy": "{\"Version\":\"2012-10-17\",\"Statement\":[{\"Sid\":\"\",\"Effect\":\"Allow\",\"Principal\":{\"AWS\":\"*\"},\"Action\":\"s3:GetObject\",\"Resource\":\"arn:aws:s3:::staging.ridersbible.com/*\"},{\"Sid\":\"\",\"Effect\":\"Allow\",\"Principal\":{\"AWS\":\"*\"},\"Action\":\"s3:ListBucket\",\"Resource\":\"arn:aws:s3:::staging.ridersbible.com\"}]}"
          },
          "private": "bnVsbA==",
          "dependencies": [
            "aws_s3_bucket.site"
          ]
        }
      ]
    }
  ]
}
