{
  "version": 4,
  "terraform_version": "0.12.20",
  "serial": 28,
  "lineage": "dd72b886-88cf-c6f5-bd87-b94859c3040d",
  "outputs": {},
  "resources": [
    {
      "mode": "managed",
      "type": "aws_route53_zone",
      "name": "ridersbible",
      "provider": "provider.aws",
      "instances": [
        {
          "schema_version": 0,
          "attributes": {
            "comment": "Managed by Terraform",
            "delegation_set_id": "",
            "force_destroy": null,
            "id": "Z1PA7SF11O58YF",
            "name": "ridersbible.com.",
            "name_servers": [
              "ns-1013.awsdns-62.net",
              "ns-1270.awsdns-30.org",
              "ns-1615.awsdns-09.co.uk",
              "ns-395.awsdns-49.com"
            ],
            "tags": {},
            "vpc": [],
            "vpc_id": null,
            "vpc_region": null,
            "zone_id": "Z1PA7SF11O58YF"
          },
          "private": "eyJzY2hlbWFfdmVyc2lvbiI6IjAifQ=="
        }
      ]
    }
  ]
}
